
Microsoft Visual Studio Solution File, Format Version 12.00
# Visual Studio 15
VisualStudioVersion = 15.0.26020.0
MinimumVisualStudioVersion = 10.0.40219.1
Project("{FAE04EC0-301F-11D3-BF4B-00C04F79EFBC}") = "BuildNeuralNetworkDemo", "BuildNeuralNetworkDemo\BuildNeuralNetworkDemo.csproj", "{E8201A74-1C49-40D9-A8D6-A48CF80891BA}"
EndProject
Project("{FAE04EC0-301F-11D3-BF4B-00C04F79EFBC}") = "MyNeuralNetwork", "MyNeuralNetwork\MyNeuralNetwork.csproj", "{55749F63-1933-426A-923E-104FFE170559}"
EndProject
Project("{FAE04EC0-301F-11D3-BF4B-00C04F79EFBC}") = "TryAgain", "TryAgain\TryAgain.csproj", "{45A3B62F-35D0-4021-9954-8EEFD72118B1}"
EndProject
Project("{FAE04EC0-301F-11D3-BF4B-00C04F79EFBC}") = "SingleOutput", "SingleOutput\SingleOutput.csproj", "{A42BEB55-E48E-4004-BB27-F6B60F683A22}"
EndProject
Global
	GlobalSection(SolutionConfigurationPlatforms) = preSolution
		Debug|Any CPU = Debug|Any CPU
		Release|Any CPU = Release|Any CPU
	EndGlobalSection
	GlobalSection(ProjectConfigurationPlatforms) = postSolution
		{E8201A74-1C49-40D9-A8D6-A48CF80891BA}.Debug|Any CPU.ActiveCfg = Debug|Any CPU
		{E8201A74-1C49-40D9-A8D6-A48CF80891BA}.Debug|Any CPU.Build.0 = Debug|Any CPU
		{E8201A74-1C49-40D9-A8D6-A48CF80891BA}.Release|Any CPU.ActiveCfg = Release|Any CPU
		{E8201A74-1C49-40D9-A8D6-A48CF80891BA}.Release|Any CPU.Build.0 = Release|Any CPU
		{55749F63-1933-426A-923E-104FFE170559}.Debug|Any CPU.ActiveCfg = Debug|Any CPU
		{55749F63-1933-426A-923E-104FFE170559}.Debug|Any CPU.Build.0 = Debug|Any CPU
		{55749F63-1933-426A-923E-104FFE170559}.Release|Any CPU.ActiveCfg = Release|Any CPU
		{55749F63-1933-426A-923E-104FFE170559}.Release|Any CPU.Build.0 = Release|Any CPU
		{45A3B62F-35D0-4021-9954-8EEFD72118B1}.Debug|Any CPU.ActiveCfg = Debug|Any CPU
		{45A3B62F-35D0-4021-9954-8EEFD72118B1}.Debug|Any CPU.Build.0 = Debug|Any CPU
		{45A3B62F-35D0-4021-9954-8EEFD72118B1}.Release|Any CPU.ActiveCfg = Release|Any CPU
		{45A3B62F-35D0-4021-9954-8EEFD72118B1}.Release|Any CPU.Build.0 = Release|Any CPU
		{A42BEB55-E48E-4004-BB27-F6B60F683A22}.Debug|Any CPU.ActiveCfg = Debug|Any CPU
		{A42BEB55-E48E-4004-BB27-F6B60F683A22}.Debug|Any CPU.Build.0 = Debug|Any CPU
		{A42BEB55-E48E-4004-BB27-F6B60F683A22}.Release|Any CPU.ActiveCfg = Release|Any CPU
		{A42BEB55-E48E-4004-BB27-F6B60F683A22}.Release|Any CPU.Build.0 = Release|Any CPU
	EndGlobalSection
	GlobalSection(SolutionProperties) = preSolution
		HideSolutionNode = FALSE
	EndGlobalSection
EndGlobal
